// !$*UTF8*$!
{
	archiveVersion = 1;
	classes = {
	};
	objectVersion = 55;
	objects = {

/* Begin PBXBuildFile section */
		F716164E28489EA3008C7EBC /* AppDelegate.swift in Sources */ = {isa = PBXBuildFile; fileRef = F716164D28489EA3008C7EBC /* AppDelegate.swift */; };
		F716165028489EA3008C7EBC /* SceneDelegate.swift in Sources */ = {isa = PBXBuildFile; fileRef = F716164F28489EA3008C7EBC /* SceneDelegate.swift */; };
		F716165228489EA3008C7EBC /* ViewController.swift in Sources */ = {isa = PBXBuildFile; fileRef = F716165128489EA3008C7EBC /* ViewController.swift */; };
		F716165528489EA3008C7EBC /* Main.storyboard in Resources */ = {isa = PBXBuildFile; fileRef = F716165328489EA3008C7EBC /* Main.storyboard */; };
		F716165728489EA5008C7EBC /* Assets.xcassets in Resources */ = {isa = PBXBuildFile; fileRef = F716165628489EA5008C7EBC /* Assets.xcassets */; };
		F716165A28489EA5008C7EBC /* LaunchScreen.storyboard in Resources */ = {isa = PBXBuildFile; fileRef = F716165828489EA5008C7EBC /* LaunchScreen.storyboard */; };
		F716166528489EA5008C7EBC /* _1_component_practiceTests.swift in Sources */ = {isa = PBXBuildFile; fileRef = F716166428489EA5008C7EBC /* _1_component_practiceTests.swift */; };
		F716166F28489EA6008C7EBC /* _1_component_practiceUITests.swift in Sources */ = {isa = PBXBuildFile; fileRef = F716166E28489EA6008C7EBC /* _1_component_practiceUITests.swift */; };
		F716167128489EA6008C7EBC /* _1_component_practiceUITestsLaunchTests.swift in Sources */ = {isa = PBXBuildFile; fileRef = F716167028489EA6008C7EBC /* _1_component_practiceUITestsLaunchTests.swift */; };
		F72A0C462848E0B500831CE5 /* MemberInfo.swift in Sources */ = {isa = PBXBuildFile; fileRef = F72A0C452848E0B500831CE5 /* MemberInfo.swift */; };
/* End PBXBuildFile section */

/* Begin PBXContainerItemProxy section */
		F716166128489EA5008C7EBC /* PBXContainerItemProxy */ = {
			isa = PBXContainerItemProxy;
			containerPortal = F716164228489EA3008C7EBC /* Project object */;
			proxyType = 1;
			remoteGlobalIDString = F716164928489EA3008C7EBC;
			remoteInfo = 01_component_practice;
		};
		F716166B28489EA5008C7EBC /* PBXContainerItemProxy */ = {
			isa = PBXContainerItemProxy;
			containerPortal = F716164228489EA3008C7EBC /* Project object */;
			proxyType = 1;
			remoteGlobalIDString = F716164928489EA3008C7EBC;
			remoteInfo = 01_component_practice;
		};
/* End PBXContainerItemProxy section */

/* Begin PBXFileReference section */
		F716164A28489EA3008C7EBC /* 01_component_practice.app */ = {isa = PBXFileReference; explicitFileType = wrapper.application; includeInIndex = 0; path = 01_component_practice.app; sourceTree = BUILT_PRODUCTS_DIR; };
		F716164D28489EA3008C7EBC /* AppDelegate.swift */ = {isa = PBXFileReference; lastKnownFileType = sourcecode.swift; path = AppDelegate.swift; sourceTree = "<group>"; };
		F716164F28489EA3008C7EBC /* SceneDelegate.swift */ = {isa = PBXFileReference; lastKnownFileType = sourcecode.swift; path = SceneDelegate.swift; sourceTree = "<group>"; };
		F716165128489EA3008C7EBC /* ViewController.swift */ = {isa = PBXFileReference; lastKnownFileType = sourcecode.swift; path = ViewController.swift; sourceTree = "<group>"; };
		F716165428489EA3008C7EBC /* Base */ = {isa = PBXFileReference; lastKnownFileType = file.storyboard; name = Base; path = Base.lproj/Main.storyboard; sourceTree = "<group>"; };
		F716165628489EA5008C7EBC /* Assets.xcassets */ = {isa = PBXFileReference; lastKnownFileType = folder.assetcatalog; path = Assets.xcassets; sourceTree = "<group>"; };
		F716165928489EA5008C7EBC /* Base */ = {isa = PBXFileReference; lastKnownFileType = file.storyboard; name = Base; path = Base.lproj/LaunchScreen.storyboard; sourceTree = "<group>"; };
		F716165B28489EA5008C7EBC /* Info.plist */ = {isa = PBXFileReference; lastKnownFileType = text.plist.xml; path = Info.plist; sourceTree = "<group>"; };
		F716166028489EA5008C7EBC /* 01_component_practiceTests.xctest */ = {isa = PBXFileReference; explicitFileType = wrapper.cfbundle; includeInIndex = 0; path = 01_component_practiceTests.xctest; sourceTree = BUILT_PRODUCTS_DIR; };
		F716166428489EA5008C7EBC /* _1_component_practiceTests.swift */ = {isa = PBXFileReference; lastKnownFileType = sourcecode.swift; path = _1_component_practiceTests.swift; sourceTree = "<group>"; };
		F716166A28489EA5008C7EBC /* 01_component_practiceUITests.xctest */ = {isa = PBXFileReference; explicitFileType = wrapper.cfbundle; includeInIndex = 0; path = 01_component_practiceUITests.xctest; sourceTree = BUILT_PRODUCTS_DIR; };
		F716166E28489EA6008C7EBC /* _1_component_practiceUITests.swift */ = {isa = PBXFileReference; lastKnownFileType = sourcecode.swift; path = _1_component_practiceUITests.swift; sourceTree = "<group>"; };
		F716167028489EA6008C7EBC /* _1_component_practiceUITestsLaunchTests.swift */ = {isa = PBXFileReference; lastKnownFileType = sourcecode.swift; path = _1_component_practiceUITestsLaunchTests.swift; sourceTree = "<group>"; };
		F72A0C452848E0B500831CE5 /* MemberInfo.swift */ = {isa = PBXFileReference; lastKnownFileType = sourcecode.swift; path = MemberInfo.swift; sourceTree = "<group>"; };
/* End PBXFileReference section */

/* Begin PBXFrameworksBuildPhase section */
		F716164728489EA3008C7EBC /* Frameworks */ = {
			isa = PBXFrameworksBuildPhase;
			buildActionMask = 2147483647;
			files = (
			);
			runOnlyForDeploymentPostprocessing = 0;
		};
		F716165D28489EA5008C7EBC /* Frameworks */ = {
			isa = PBXFrameworksBuildPhase;
			buildActionMask = 2147483647;
			files = (
			);
			runOnlyForDeploymentPostprocessing = 0;
		};
		F716166728489EA5008C7EBC /* Frameworks */ = {
			isa = PBXFrameworksBuildPhase;
			buildActionMask = 2147483647;
			files = (
			);
			runOnlyForDeploymentPostprocessing = 0;
		};
/* End PBXFrameworksBuildPhase section */

/* Begin PBXGroup section */
		F716164128489EA3008C7EBC = {
			isa = PBXGroup;
			children = (
				F716164C28489EA3008C7EBC /* 01_component_practice */,
				F716166328489EA5008C7EBC /* 01_component_practiceTests */,
				F716166D28489EA6008C7EBC /* 01_component_practiceUITests */,
				F716164B28489EA3008C7EBC /* Products */,
			);
			sourceTree = "<group>";
		};
		F716164B28489EA3008C7EBC /* Products */ = {
			isa = PBXGroup;
			children = (
				F716164A28489EA3008C7EBC /* 01_component_practice.app */,
				F716166028489EA5008C7EBC /* 01_component_practiceTests.xctest */,
				F716166A28489EA5008C7EBC /* 01_component_practiceUITests.xctest */,
			);
			name = Products;
			sourceTree = "<group>";
		};
		F716164C28489EA3008C7EBC /* 01_component_practice */ = {
			isa = PBXGroup;
			children = (
				F716165328489EA3008C7EBC /* Main.storyboard */,
				F716165128489EA3008C7EBC /* ViewController.swift */,
				F72A0C452848E0B500831CE5 /* MemberInfo.swift */,
				F716164D28489EA3008C7EBC /* AppDelegate.swift */,
				F716164F28489EA3008C7EBC /* SceneDelegate.swift */,
				F716165628489EA5008C7EBC /* Assets.xcassets */,
				F716165828489EA5008C7EBC /* LaunchScreen.storyboard */,
				F716165B28489EA5008C7EBC /* Info.plist */,
			);
			path = 01_component_practice;
			sourceTree = "<group>";
		};
		F716166328489EA5008C7EBC /* 01_component_practiceTests */ = {
			isa = PBXGroup;
			children = (
				F716166428489EA5008C7EBC /* _1_component_practiceTests.swift */,
			);
			path = 01_component_practiceTests;
			sourceTree = "<group>";
		};
		F716166D28489EA6008C7EBC /* 01_component_practiceUITests */ = {
			isa = PBXGroup;
			children = (
				F716166E28489EA6008C7EBC /* _1_component_practiceUITests.swift */,
				F716167028489EA6008C7EBC /* _1_component_practiceUITestsLaunchTests.swift */,
			);
			path = 01_component_practiceUITests;
			sourceTree = "<group>";
		};
/* End PBXGroup section */

/* Begin PBXNativeTarget section */
		F716164928489EA3008C7EBC /* 01_component_practice */ = {
			isa = PBXNativeTarget;
			buildConfigurationList = F716167428489EA6008C7EBC /* Build configuration list for PBXNativeTarget "01_component_practice" */;
			buildPhases = (
				F716164628489EA3008C7EBC /* Sources */,
				F716164728489EA3008C7EBC /* Frameworks */,
				F716164828489EA3008C7EBC /* Resources */,
			);
			buildRules = (
			);
			dependencies = (
			);
			name = 01_component_practice;
			productName = 01_component_practice;
			productReference = F716164A28489EA3008C7EBC /* 01_component_practice.app */;
			productType = "com.apple.product-type.application";
		};
		F716165F28489EA5008C7EBC /* 01_component_practiceTests */ = {
			isa = PBXNativeTarget;
			buildConfigurationList = F716167728489EA6008C7EBC /* Build configuration list for PBXNativeTarget "01_component_practiceTests" */;
			buildPhases = (
				F716165C28489EA5008C7EBC /* Sources */,
				F716165D28489EA5008C7EBC /* Frameworks */,
				F716165E28489EA5008C7EBC /* Resources */,
			);
			buildRules = (
			);
			dependencies = (
				F716166228489EA5008C7EBC /* PBXTargetDependency */,
			);
			name = 01_component_practiceTests;
			productName = 01_component_practiceTests;
			productReference = F716166028489EA5008C7EBC /* 01_component_practiceTests.xctest */;
			productType = "com.apple.product-type.bundle.unit-test";
		};
		F716166928489EA5008C7EBC /* 01_component_practiceUITests */ = {
			isa = PBXNativeTarget;
			buildConfigurationList = F716167A28489EA6008C7EBC /* Build configuration list for PBXNativeTarget "01_component_practiceUITests" */;
			buildPhases = (
				F716166628489EA5008C7EBC /* Sources */,
				F716166728489EA5008C7EBC /* Frameworks */,
				F716166828489EA5008C7EBC /* Resources */,
			);
			buildRules = (
			);
			dependencies = (
				F716166C28489EA5008C7EBC /* PBXTargetDependency */,
			);
			name = 01_component_practiceUITests;
			productName = 01_component_practiceUITests;
			productReference = F716166A28489EA5008C7EBC /* 01_component_practiceUITests.xctest */;
			productType = "com.apple.product-type.bundle.ui-testing";
		};
/* End PBXNativeTarget section */

/* Begin PBXProject section */
		F716164228489EA3008C7EBC /* Project object */ = {
			isa = PBXProject;
			attributes = {
				BuildIndependentTargetsInParallel = 1;
				LastSwiftUpdateCheck = 1340;
				LastUpgradeCheck = 1340;
				TargetAttributes = {
					F716164928489EA3008C7EBC = {
						CreatedOnToolsVersion = 13.4;
					};
					F716165F28489EA5008C7EBC = {
						CreatedOnToolsVersion = 13.4;
						TestTargetID = F716164928489EA3008C7EBC;
					};
					F716166928489EA5008C7EBC = {
						CreatedOnToolsVersion = 13.4;
						TestTargetID = F716164928489EA3008C7EBC;
					};
				};
			};
			buildConfigurationList = F716164528489EA3008C7EBC /* Build configuration list for PBXProject "01_component_practice" */;
			compatibilityVersion = "Xcode 13.0";
			developmentRegion = en;
			hasScannedForEncodings = 0;
			knownRegions = (
				en,
				Base,
			);
			mainGroup = F716164128489EA3008C7EBC;
			productRefGroup = F716164B28489EA3008C7EBC /* Products */;
			projectDirPath = "";
			projectRoot = "";
			targets = (
				F716164928489EA3008C7EBC /* 01_component_practice */,
				F716165F28489EA5008C7EBC /* 01_component_practiceTests */,
				F716166928489EA5008C7EBC /* 01_component_practiceUITests */,
			);
		};
/* End PBXProject section */

/* Begin PBXResourcesBuildPhase section */
		F716164828489EA3008C7EBC /* Resources */ = {
			isa = PBXResourcesBuildPhase;
			buildActionMask = 2147483647;
			files = (
				F716165A28489EA5008C7EBC /* LaunchScreen.storyboard in Resources */,
				F716165728489EA5008C7EBC /* Assets.xcassets in Resources */,
				F716165528489EA3008C7EBC /* Main.storyboard in Resources */,
			);
			runOnlyForDeploymentPostprocessing = 0;
		};
		F716165E28489EA5008C7EBC /* Resources */ = {
			isa = PBXResourcesBuildPhase;
			buildActionMask = 2147483647;
			files = (
			);
			runOnlyForDeploymentPostprocessing = 0;
		};
		F716166828489EA5008C7EBC /* Resources */ = {
			isa = PBXResourcesBuildPhase;
			buildActionMask = 2147483647;
			files = (
			);
			runOnlyForDeploymentPostprocessing = 0;
		};
/* End PBXResourcesBuildPhase section */

/* Begin PBXSourcesBuildPhase section */
		F716164628489EA3008C7EBC /* Sources */ = {
			isa = PBXSourcesBuildPhase;
			buildActionMask = 2147483647;
			files = (
				F716165228489EA3008C7EBC /* ViewController.swift in Sources */,
				F716164E28489EA3008C7EBC /* AppDelegate.swift in Sources */,
				F716165028489EA3008C7EBC /* SceneDelegate.swift in Sources */,
				F72A0C462848E0B500831CE5 /* MemberInfo.swift in Sources */,
			);
			runOnlyForDeploymentPostprocessing = 0;
		};
		F716165C28489EA5008C7EBC /* Sources */ = {
			isa = PBXSourcesBuildPhase;
			buildActionMask = 2147483647;
			files = (
				F716166528489EA5008C7EBC /* _1_component_practiceTests.swift in Sources */,
			);
			runOnlyForDeploymentPostprocessing = 0;
		};
		F716166628489EA5008C7EBC /* Sources */ = {
			isa = PBXSourcesBuildPhase;
			buildActionMask = 2147483647;
			files = (
				F716166F28489EA6008C7EBC /* _1_component_practiceUITests.swift in Sources */,
				F716167128489EA6008C7EBC /* _1_component_practiceUITestsLaunchTests.swift in Sources */,
			);
			runOnlyForDeploymentPostprocessing = 0;
		};
/* End PBXSourcesBuildPhase section */

/* Begin PBXTargetDependency section */
		F716166228489EA5008C7EBC /* PBXTargetDependency */ = {
			isa = PBXTargetDependency;
			target = F716164928489EA3008C7EBC /* 01_component_practice */;
			targetProxy = F716166128489EA5008C7EBC /* PBXContainerItemProxy */;
		};
		F716166C28489EA5008C7EBC /* PBXTargetDependency */ = {
			isa = PBXTargetDependency;
			target = F716164928489EA3008C7EBC /* 01_component_practice */;
			targetProxy = F716166B28489EA5008C7EBC /* PBXContainerItemProxy */;
		};
/* End PBXTargetDependency section */

/* Begin PBXVariantGroup section */
		F716165328489EA3008C7EBC /* Main.storyboard */ = {
			isa = PBXVariantGroup;
			children = (
				F716165428489EA3008C7EBC /* Base */,
			);
			name = Main.storyboard;
			sourceTree = "<group>";
		};
		F716165828489EA5008C7EBC /* LaunchScreen.storyboard */ = {
			isa = PBXVariantGroup;
			children = (
				F716165928489EA5008C7EBC /* Base */,
			);
			name = LaunchScreen.storyboard;
			sourceTree = "<group>";
		};
/* End PBXVariantGroup section */

/* Begin XCBuildConfiguration section */
		F716167228489EA6008C7EBC /* Debug */ = {
			isa = XCBuildConfiguration;
			buildSettings = {
				ALWAYS_SEARCH_USER_PATHS = NO;
				CLANG_ANALYZER_NONNULL = YES;
				CLANG_ANALYZER_NUMBER_OBJECT_CONVERSION = YES_AGGRESSIVE;
				CLANG_CXX_LANGUAGE_STANDARD = "gnu++17";
				CLANG_ENABLE_MODULES = YES;
				CLANG_ENABLE_OBJC_ARC = YES;
				CLANG_ENABLE_OBJC_WEAK = YES;
				CLANG_WARN_BLOCK_CAPTURE_AUTORELEASING = YES;
				CLANG_WARN_BOOL_CONVERSION = YES;
				CLANG_WARN_COMMA = YES;
				CLANG_WARN_CONSTANT_CONVERSION = YES;
				CLANG_WARN_DEPRECATED_OBJC_IMPLEMENTATIONS = YES;
				CLANG_WARN_DIRECT_OBJC_ISA_USAGE = YES_ERROR;
				CLANG_WARN_DOCUMENTATION_COMMENTS = YES;
				CLANG_WARN_EMPTY_BODY = YES;
				CLANG_WARN_ENUM_CONVERSION = YES;
				CLANG_WARN_INFINITE_RECURSION = YES;
				CLANG_WARN_INT_CONVERSION = YES;
				CLANG_WARN_NON_LITERAL_NULL_CONVERSION = YES;
				CLANG_WARN_OBJC_IMPLICIT_RETAIN_SELF = YES;
				CLANG_WARN_OBJC_LITERAL_CONVERSION = YES;
				CLANG_WARN_OBJC_ROOT_CLASS = YES_ERROR;
				CLANG_WARN_QUOTED_INCLUDE_IN_FRAMEWORK_HEADER = YES;
				CLANG_WARN_RANGE_LOOP_ANALYSIS = YES;
				CLANG_WARN_STRICT_PROTOTYPES = YES;
				CLANG_WARN_SUSPICIOUS_MOVE = YES;
				CLANG_WARN_UNGUARDED_AVAILABILITY = YES_AGGRESSIVE;
				CLANG_WARN_UNREACHABLE_CODE = YES;
				CLANG_WARN__DUPLICATE_METHOD_MATCH = YES;
				COPY_PHASE_STRIP = NO;
				DEBUG_INFORMATION_FORMAT = dwarf;
				ENABLE_STRICT_OBJC_MSGSEND = YES;
				ENABLE_TESTABILITY = YES;
				GCC_C_LANGUAGE_STANDARD = gnu11;
				GCC_DYNAMIC_NO_PIC = NO;
				GCC_NO_COMMON_BLOCKS = YES;
				GCC_OPTIMIZATION_LEVEL = 0;
				GCC_PREPROCESSOR_DEFINITIONS = (
					"DEBUG=1",
					"$(inherited)",
				);
				GCC_WARN_64_TO_32_BIT_CONVERSION = YES;
				GCC_WARN_ABOUT_RETURN_TYPE = YES_ERROR;
				GCC_WARN_UNDECLARED_SELECTOR = YES;
				GCC_WARN_UNINITIALIZED_AUTOS = YES_AGGRESSIVE;
				GCC_WARN_UNUSED_FUNCTION = YES;
				GCC_WARN_UNUSED_VARIABLE = YES;
				IPHONEOS_DEPLOYMENT_TARGET = 15.5;
				MTL_ENABLE_DEBUG_INFO = INCLUDE_SOURCE;
				MTL_FAST_MATH = YES;
				ONLY_ACTIVE_ARCH = YES;
				SDKROOT = iphoneos;
				SWIFT_ACTIVE_COMPILATION_CONDITIONS = DEBUG;
				SWIFT_OPTIMIZATION_LEVEL = "-Onone";
			};
			name = Debug;
		};
		F716167328489EA6008C7EBC /* Release */ = {
			isa = XCBuildConfiguration;
			buildSettings = {
				ALWAYS_SEARCH_USER_PATHS = NO;
				CLANG_ANALYZER_NONNULL = YES;
				CLANG_ANALYZER_NUMBER_OBJECT_CONVERSION = YES_AGGRESSIVE;
				CLANG_CXX_LANGUAGE_STANDARD = "gnu++17";
				CLANG_ENABLE_MODULES = YES;
				CLANG_ENABLE_OBJC_ARC = YES;
				CLANG_ENABLE_OBJC_WEAK = YES;
				CLANG_WARN_BLOCK_CAPTURE_AUTORELEASING = YES;
				CLANG_WARN_BOOL_CONVERSION = YES;
				CLANG_WARN_COMMA = YES;
				CLANG_WARN_CONSTANT_CONVERSION = YES;
				CLANG_WARN_DEPRECATED_OBJC_IMPLEMENTATIONS = YES;
				CLANG_WARN_DIRECT_OBJC_ISA_USAGE = YES_ERROR;
				CLANG_WARN_DOCUMENTATION_COMMENTS = YES;
				CLANG_WARN_EMPTY_BODY = YES;
				CLANG_WARN_ENUM_CONVERSION = YES;
				CLANG_WARN_INFINITE_RECURSION = YES;
				CLANG_WARN_INT_CONVERSION = YES;
				CLANG_WARN_NON_LITERAL_NULL_CONVERSION = YES;
				CLANG_WARN_OBJC_IMPLICIT_RETAIN_SELF = YES;
				CLANG_WARN_OBJC_LITERAL_CONVERSION = YES;
				CLANG_WARN_OBJC_ROOT_CLASS = YES_ERROR;
				CLANG_WARN_QUOTED_INCLUDE_IN_FRAMEWORK_HEADER = YES;
				CLANG_WARN_RANGE_LOOP_ANALYSIS = YES;
				CLANG_WARN_STRICT_PROTOTYPES = YES;
				CLANG_WARN_SUSPICIOUS_MOVE = YES;
				CLANG_WARN_UNGUARDED_AVAILABILITY = YES_AGGRESSIVE;
				CLANG_WARN_UNREACHABLE_CODE = YES;
				CLANG_WARN__DUPLICATE_METHOD_MATCH = YES;
				COPY_PHASE_STRIP = NO;
				DEBUG_INFORMATION_FORMAT = "dwarf-with-dsym";
				ENABLE_NS_ASSERTIONS = NO;
				ENABLE_STRICT_OBJC_MSGSEND = YES;
				GCC_C_LANGUAGE_STANDARD = gnu11;
				GCC_NO_COMMON_BLOCKS = YES;
				GCC_WARN_64_TO_32_BIT_CONVERSION = YES;
				GCC_WARN_ABOUT_RETURN_TYPE = YES_ERROR;
				GCC_WARN_UNDECLARED_SELECTOR = YES;
				GCC_WARN_UNINITIALIZED_AUTOS = YES_AGGRESSIVE;
				GCC_WARN_UNUSED_FUNCTION = YES;
				GCC_WARN_UNUSED_VARIABLE = YES;
				IPHONEOS_DEPLOYMENT_TARGET = 15.5;
				MTL_ENABLE_DEBUG_INFO = NO;
				MTL_FAST_MATH = YES;
				SDKROOT = iphoneos;
				SWIFT_COMPILATION_MODE = wholemodule;
				SWIFT_OPTIMIZATION_LEVEL = "-O";
				VALIDATE_PRODUCT = YES;
			};
			name = Release;
		};
		F716167528489EA6008C7EBC /* Debug */ = {
			isa = XCBuildConfiguration;
			buildSettings = {
				ASSETCATALOG_COMPILER_APPICON_NAME = AppIcon;
				ASSETCATALOG_COMPILER_GLOBAL_ACCENT_COLOR_NAME = AccentColor;
				CODE_SIGN_STYLE = Automatic;
				CURRENT_PROJECT_VERSION = 1;
				DEVELOPMENT_TEAM = MZ4538JV6D;
				GENERATE_INFOPLIST_FILE = YES;
				INFOPLIST_FILE = 01_component_practice/Info.plist;
				INFOPLIST_KEY_UIApplicationSupportsIndirectInputEvents = YES;
				INFOPLIST_KEY_UILaunchStoryboardName = LaunchScreen;
				INFOPLIST_KEY_UIMainStoryboardFile = Main;
				INFOPLIST_KEY_UISupportedInterfaceOrientations_iPad = "UIInterfaceOrientationPortrait UIInterfaceOrientationPortraitUpsideDown UIInterfaceOrientationLandscapeLeft UIInterfaceOrientationLandscapeRight";
				INFOPLIST_KEY_UISupportedInterfaceOrientations_iPhone = "UIInterfaceOrientationPortrait UIInterfaceOrientationLandscapeLeft UIInterfaceOrientationLandscapeRight";
				LD_RUNPATH_SEARCH_PATHS = (
					"$(inherited)",
					"@executable_path/Frameworks",
				);
				MARKETING_VERSION = 1.0;
				PRODUCT_BUNDLE_IDENTIFIER = "com.test.test.-1-component-practice";
				PRODUCT_NAME = "$(TARGET_NAME)";
				SWIFT_EMIT_LOC_STRINGS = YES;
				SWIFT_VERSION = 5.0;
				TARGETED_DEVICE_FAMILY = "1,2";
			};
			name = Debug;
		};
		F716167628489EA6008C7EBC /* Release */ = {
			isa = XCBuildConfiguration;
			buildSettings = {
				ASSETCATALOG_COMPILER_APPICON_NAME = AppIcon;
				ASSETCATALOG_COMPILER_GLOBAL_ACCENT_COLOR_NAME = AccentColor;
				CODE_SIGN_STYLE = Automatic;
				CURRENT_PROJECT_VERSION = 1;
				DEVELOPMENT_TEAM = MZ4538JV6D;
				GENERATE_INFOPLIST_FILE = YES;
				INFOPLIST_FILE = 01_component_practice/Info.plist;
				INFOPLIST_KEY_UIApplicationSupportsIndirectInputEvents = YES;
				INFOPLIST_KEY_UILaunchStoryboardName = LaunchScreen;
				INFOPLIST_KEY_UIMainStoryboardFile = Main;
				INFOPLIST_KEY_UISupportedInterfaceOrientations_iPad = "UIInterfaceOrientationPortrait UIInterfaceOrientationPortraitUpsideDown UIInterfaceOrientationLandscapeLeft UIInterfaceOrientationLandscapeRight";
				INFOPLIST_KEY_UISupportedInterfaceOrientations_iPhone = "UIInterfaceOrientationPortrait UIInterfaceOrientationLandscapeLeft UIInterfaceOrientationLandscapeRight";
				LD_RUNPATH_SEARCH_PATHS = (
					"$(inherited)",
					"@executable_path/Frameworks",
				);
				MARKETING_VERSION = 1.0;
				PRODUCT_BUNDLE_IDENTIFIER = "com.test.test.-1-component-practice";
				PRODUCT_NAME = "$(TARGET_NAME)";
				SWIFT_EMIT_LOC_STRINGS = YES;
				SWIFT_VERSION = 5.0;
				TARGETED_DEVICE_FAMILY = "1,2";
			};
			name = Release;
		};
		F716167828489EA6008C7EBC /* Debug */ = {
			isa = XCBuildConfiguration;
			buildSettings = {
				ALWAYS_EMBED_SWIFT_STANDARD_LIBRARIES = YES;
				BUNDLE_LOADER = "$(TEST_HOST)";
				CODE_SIGN_STYLE = Automatic;
				CURRENT_PROJECT_VERSION = 1;
				DEVELOPMENT_TEAM = MZ4538JV6D;
				GENERATE_INFOPLIST_FILE = YES;
				IPHONEOS_DEPLOYMENT_TARGET = 15.5;
				MARKETING_VERSION = 1.0;
				PRODUCT_BUNDLE_IDENTIFIER = "com.test.test.-1-component-practiceTests";
				PRODUCT_NAME = "$(TARGET_NAME)";
				SWIFT_EMIT_LOC_STRINGS = NO;
				SWIFT_VERSION = 5.0;
				TARGETED_DEVICE_FAMILY = "1,2";
				TEST_HOST = "$(BUILT_PRODUCTS_DIR)/01_component_practice.app/01_component_practice";
			};
			name = Debug;
		};
		F716167928489EA6008C7EBC /* Release */ = {
			isa = XCBuildConfiguration;
			buildSettings = {
				ALWAYS_EMBED_SWIFT_STANDARD_LIBRARIES = YES;
				BUNDLE_LOADER = "$(TEST_HOST)";
				CODE_SIGN_STYLE = Automatic;
				CURRENT_PROJECT_VERSION = 1;
				DEVELOPMENT_TEAM = MZ4538JV6D;
				GENERATE_INFOPLIST_FILE = YES;
				IPHONEOS_DEPLOYMENT_TARGET = 15.5;
				MARKETING_VERSION = 1.0;
				PRODUCT_BUNDLE_IDENTIFIER = "com.test.test.-1-component-practiceTests";
				PRODUCT_NAME = "$(TARGET_NAME)";
				SWIFT_EMIT_LOC_STRINGS = NO;
				SWIFT_VERSION = 5.0;
				TARGETED_DEVICE_FAMILY = "1,2";
				TEST_HOST = "$(BUILT_PRODUCTS_DIR)/01_component_practice.app/01_component_practice";
			};
			name = Release;
		};
		F716167B28489EA6008C7EBC /* Debug */ = {
			isa = XCBuildConfiguration;
			buildSettings = {
				ALWAYS_EMBED_SWIFT_STANDARD_LIBRARIES = YES;
				CODE_SIGN_STYLE = Automatic;
				CURRENT_PROJECT_VERSION = 1;
				DEVELOPMENT_TEAM = MZ4538JV6D;
				GENERATE_INFOPLIST_FILE = YES;
				MARKETING_VERSION = 1.0;
				PRODUCT_BUNDLE_IDENTIFIER = "com.test.test.-1-component-practiceUITests";
				PRODUCT_NAME = "$(TARGET_NAME)";
				SWIFT_EMIT_LOC_STRINGS = NO;
				SWIFT_VERSION = 5.0;
				TARGETED_DEVICE_FAMILY = "1,2";
				TEST_TARGET_NAME = 01_component_practice;
			};
			name = Debug;
		};
		F716167C28489EA6008C7EBC /* Release */ = {
			isa = XCBuildConfiguration;
			buildSettings = {
				ALWAYS_EMBED_SWIFT_STANDARD_LIBRARIES = YES;
				CODE_SIGN_STYLE = Automatic;
				CURRENT_PROJECT_VERSION = 1;
				DEVELOPMENT_TEAM = MZ4538JV6D;
				GENERATE_INFOPLIST_FILE = YES;
				MARKETING_VERSION = 1.0;
				PRODUCT_BUNDLE_IDENTIFIER = "com.test.test.-1-component-practiceUITests";
				PRODUCT_NAME = "$(TARGET_NAME)";
				SWIFT_EMIT_LOC_STRINGS = NO;
				SWIFT_VERSION = 5.0;
				TARGETED_DEVICE_FAMILY = "1,2";
				TEST_TARGET_NAME = 01_component_practice;
			};
			name = Release;
		};
/* End XCBuildConfiguration section */

/* Begin XCConfigurationList section */
		F716164528489EA3008C7EBC /* Build configuration list for PBXProject "01_component_practice" */ = {
			isa = XCConfigurationList;
			buildConfigurations = (
				F716167228489EA6008C7EBC /* Debug */,
				F716167328489EA6008C7EBC /* Release */,
			);
			defaultConfigurationIsVisible = 0;
			defaultConfigurationName = Release;
		};
		F716167428489EA6008C7EBC /* Build configuration list for PBXNativeTarget "01_component_practice" */ = {
			isa = XCConfigurationList;
			buildConfigurations = (
				F716167528489EA6008C7EBC /* Debug */,
				F716167628489EA6008C7EBC /* Release */,
			);
			defaultConfigurationIsVisible = 0;
			defaultConfigurationName = Release;
		};
		F716167728489EA6008C7EBC /* Build configuration list for PBXNativeTarget "01_component_practiceTests" */ = {
			isa = XCConfigurationList;
			buildConfigurations = (
				F716167828489EA6008C7EBC /* Debug */,
				F716167928489EA6008C7EBC /* Release */,
			);
			defaultConfigurationIsVisible = 0;
			defaultConfigurationName = Release;
		};
		F716167A28489EA6008C7EBC /* Build configuration list for PBXNativeTarget "01_component_practiceUITests" */ = {
			isa = XCConfigurationList;
			buildConfigurations = (
				F716167B28489EA6008C7EBC /* Debug */,
				F716167C28489EA6008C7EBC /* Release */,
			);
			defaultConfigurationIsVisible = 0;
			defaultConfigurationName = Release;
		};
/* End XCConfigurationList section */
	};
	rootObject = F716164228489EA3008C7EBC /* Project object */;
}
